
Microsoft Visual Studio Solution File, Format Version 12.00
# Visual Studio Version 16
VisualStudioVersion = 16.0.31205.134
MinimumVisualStudioVersion = 10.0.40219.1
Project("{9A19103F-16F7-4668-BE54-9A1E7A4F7556}") = "OdeToFood", "OdeToFood\OdeToFood.csproj", "{CF8E62EF-005C-4CEA-9D38-F80EDB0D30EF}"
EndProject
Project("{9A19103F-16F7-4668-BE54-9A1E7A4F7556}") = "OdeToFood.Core", "OdeToFood.Core\OdeToFood.Core.csproj", "{B6572DC8-B226-4AE8-9597-7B936D307443}"
EndProject
Project("{9A19103F-16F7-4668-BE54-9A1E7A4F7556}") = "OdeToFood.Data", "OdeToFood.Data\OdeToFood.Data.csproj", "{08403110-F8D3-457D-8C6F-E9FE29E8C5F3}"
EndProject
Global
	GlobalSection(SolutionConfigurationPlatforms) = preSolution
		Debug|Any CPU = Debug|Any CPU
		Release|Any CPU = Release|Any CPU
	EndGlobalSection
	GlobalSection(ProjectConfigurationPlatforms) = postSolution
		{CF8E62EF-005C-4CEA-9D38-F80EDB0D30EF}.Debug|Any CPU.ActiveCfg = Debug|Any CPU
		{CF8E62EF-005C-4CEA-9D38-F80EDB0D30EF}.Debug|Any CPU.Build.0 = Debug|Any CPU
		{CF8E62EF-005C-4CEA-9D38-F80EDB0D30EF}.Release|Any CPU.ActiveCfg = Release|Any CPU
		{CF8E62EF-005C-4CEA-9D38-F80EDB0D30EF}.Release|Any CPU.Build.0 = Release|Any CPU
		{B6572DC8-B226-4AE8-9597-7B936D307443}.Debug|Any CPU.ActiveCfg = Debug|Any CPU
		{B6572DC8-B226-4AE8-9597-7B936D307443}.Debug|Any CPU.Build.0 = Debug|Any CPU
		{B6572DC8-B226-4AE8-9597-7B936D307443}.Release|Any CPU.ActiveCfg = Release|Any CPU
		{B6572DC8-B226-4AE8-9597-7B936D307443}.Release|Any CPU.Build.0 = Release|Any CPU
		{08403110-F8D3-457D-8C6F-E9FE29E8C5F3}.Debug|Any CPU.ActiveCfg = Debug|Any CPU
		{08403110-F8D3-457D-8C6F-E9FE29E8C5F3}.Debug|Any CPU.Build.0 = Debug|Any CPU
		{08403110-F8D3-457D-8C6F-E9FE29E8C5F3}.Release|Any CPU.ActiveCfg = Release|Any CPU
		{08403110-F8D3-457D-8C6F-E9FE29E8C5F3}.Release|Any CPU.Build.0 = Release|Any CPU
	EndGlobalSection
	GlobalSection(SolutionProperties) = preSolution
		HideSolutionNode = FALSE
	EndGlobalSection
	GlobalSection(ExtensibilityGlobals) = postSolution
		SolutionGuid = {E192EA8F-22F8-4982-ADA6-93587F7F44EB}
	EndGlobalSection
EndGlobal
